
Microsoft Visual Studio Solution File, Format Version 12.00
# Visual Studio Version 16
VisualStudioVersion = 16.0.33328.57
MinimumVisualStudioVersion = 10.0.40219.1
Project("{FAE04EC0-301F-11D3-BF4B-00C04F79EFBC}") = "Price-QuoteApplicationAssignmentSubmission", "Price-QuoteApplicationAssignmentSubmission\Price-QuoteApplicationAssignmentSubmission.csproj", "{14333316-D07C-4CCE-9D62-31E85316849D}"
EndProject
Global
	GlobalSection(SolutionConfigurationPlatforms) = preSolution
		Debug|Any CPU = Debug|Any CPU
		Release|Any CPU = Release|Any CPU
	EndGlobalSection
	GlobalSection(ProjectConfigurationPlatforms) = postSolution
		{14333316-D07C-4CCE-9D62-31E85316849D}.Debug|Any CPU.ActiveCfg = Debug|Any CPU
		{14333316-D07C-4CCE-9D62-31E85316849D}.Debug|Any CPU.Build.0 = Debug|Any CPU
		{14333316-D07C-4CCE-9D62-31E85316849D}.Release|Any CPU.ActiveCfg = Release|Any CPU
		{14333316-D07C-4CCE-9D62-31E85316849D}.Release|Any CPU.Build.0 = Release|Any CPU
	EndGlobalSection
	GlobalSection(SolutionProperties) = preSolution
		HideSolutionNode = FALSE
	EndGlobalSection
	GlobalSection(ExtensibilityGlobals) = postSolution
		SolutionGuid = {D04F5ECA-23A7-42DE-B107-1DCBFE243F38}
	EndGlobalSection
EndGlobal
