
Microsoft Visual Studio Solution File, Format Version 12.00
# Visual Studio Version 16
VisualStudioVersion = 16.0.33328.57
MinimumVisualStudioVersion = 10.0.40219.1
Project("{FAE04EC0-301F-11D3-BF4B-00C04F79EFBC}") = "FileIOAssignment", "FileIOAssignment\FileIOAssignment.csproj", "{01E68FD9-910E-4638-92FD-8EE773B18AA1}"
EndProject
Global
	GlobalSection(SolutionConfigurationPlatforms) = preSolution
		Debug|Any CPU = Debug|Any CPU
		Release|Any CPU = Release|Any CPU
	EndGlobalSection
	GlobalSection(ProjectConfigurationPlatforms) = postSolution
		{01E68FD9-910E-4638-92FD-8EE773B18AA1}.Debug|Any CPU.ActiveCfg = Debug|Any CPU
		{01E68FD9-910E-4638-92FD-8EE773B18AA1}.Debug|Any CPU.Build.0 = Debug|Any CPU
		{01E68FD9-910E-4638-92FD-8EE773B18AA1}.Release|Any CPU.ActiveCfg = Release|Any CPU
		{01E68FD9-910E-4638-92FD-8EE773B18AA1}.Release|Any CPU.Build.0 = Release|Any CPU
	EndGlobalSection
	GlobalSection(SolutionProperties) = preSolution
		HideSolutionNode = FALSE
	EndGlobalSection
	GlobalSection(ExtensibilityGlobals) = postSolution
		SolutionGuid = {87C868AD-369C-4D66-99CF-9C9067FEFCDD}
	EndGlobalSection
EndGlobal
