
Microsoft Visual Studio Solution File, Format Version 12.00
# Visual Studio Version 16
VisualStudioVersion = 16.0.33214.272
MinimumVisualStudioVersion = 10.0.40219.1
Project("{FAE04EC0-301F-11D3-BF4B-00C04F79EFBC}") = "AcmeAccountingSystems", "AcmeAccountingSystems\AcmeAccountingSystems.csproj", "{A5E11159-C5BD-4670-9064-DD8A7A0BB121}"
EndProject
Global
	GlobalSection(SolutionConfigurationPlatforms) = preSolution
		Debug|Any CPU = Debug|Any CPU
		Release|Any CPU = Release|Any CPU
	EndGlobalSection
	GlobalSection(ProjectConfigurationPlatforms) = postSolution
		{A5E11159-C5BD-4670-9064-DD8A7A0BB121}.Debug|Any CPU.ActiveCfg = Debug|Any CPU
		{A5E11159-C5BD-4670-9064-DD8A7A0BB121}.Debug|Any CPU.Build.0 = Debug|Any CPU
		{A5E11159-C5BD-4670-9064-DD8A7A0BB121}.Release|Any CPU.ActiveCfg = Release|Any CPU
		{A5E11159-C5BD-4670-9064-DD8A7A0BB121}.Release|Any CPU.Build.0 = Release|Any CPU
	EndGlobalSection
	GlobalSection(SolutionProperties) = preSolution
		HideSolutionNode = FALSE
	EndGlobalSection
	GlobalSection(ExtensibilityGlobals) = postSolution
		SolutionGuid = {C5FEE743-9642-435C-BC29-D85D709D632D}
	EndGlobalSection
EndGlobal
