
Microsoft Visual Studio Solution File, Format Version 12.00
# Visual Studio Version 16
VisualStudioVersion = 16.0.33328.57
MinimumVisualStudioVersion = 10.0.40219.1
Project("{FAE04EC0-301F-11D3-BF4B-00C04F79EFBC}") = "ClassMethodAssignment", "ClassMethodAssignment\ClassMethodAssignment.csproj", "{4A5AF86A-1FE5-4AE0-BB00-FE21F8D606DD}"
EndProject
Global
	GlobalSection(SolutionConfigurationPlatforms) = preSolution
		Debug|Any CPU = Debug|Any CPU
		Release|Any CPU = Release|Any CPU
	EndGlobalSection
	GlobalSection(ProjectConfigurationPlatforms) = postSolution
		{4A5AF86A-1FE5-4AE0-BB00-FE21F8D606DD}.Debug|Any CPU.ActiveCfg = Debug|Any CPU
		{4A5AF86A-1FE5-4AE0-BB00-FE21F8D606DD}.Debug|Any CPU.Build.0 = Debug|Any CPU
		{4A5AF86A-1FE5-4AE0-BB00-FE21F8D606DD}.Release|Any CPU.ActiveCfg = Release|Any CPU
		{4A5AF86A-1FE5-4AE0-BB00-FE21F8D606DD}.Release|Any CPU.Build.0 = Release|Any CPU
	EndGlobalSection
	GlobalSection(SolutionProperties) = preSolution
		HideSolutionNode = FALSE
	EndGlobalSection
	GlobalSection(ExtensibilityGlobals) = postSolution
		SolutionGuid = {473AA58C-5CCF-4B2F-8E8F-5533EFB2ECA6}
	EndGlobalSection
EndGlobal
