
Microsoft Visual Studio Solution File, Format Version 12.00
# Visual Studio Version 16
VisualStudioVersion = 16.0.33328.57
MinimumVisualStudioVersion = 10.0.40219.1
Project("{FAE04EC0-301F-11D3-BF4B-00C04F79EFBC}") = "ExceptionHandlingAssignment", "ExceptionHandlingAssignment\ExceptionHandlingAssignment.csproj", "{5127DD29-9787-48DA-80FB-E9A63F38D58C}"
EndProject
Global
	GlobalSection(SolutionConfigurationPlatforms) = preSolution
		Debug|Any CPU = Debug|Any CPU
		Release|Any CPU = Release|Any CPU
	EndGlobalSection
	GlobalSection(ProjectConfigurationPlatforms) = postSolution
		{5127DD29-9787-48DA-80FB-E9A63F38D58C}.Debug|Any CPU.ActiveCfg = Debug|Any CPU
		{5127DD29-9787-48DA-80FB-E9A63F38D58C}.Debug|Any CPU.Build.0 = Debug|Any CPU
		{5127DD29-9787-48DA-80FB-E9A63F38D58C}.Release|Any CPU.ActiveCfg = Release|Any CPU
		{5127DD29-9787-48DA-80FB-E9A63F38D58C}.Release|Any CPU.Build.0 = Release|Any CPU
	EndGlobalSection
	GlobalSection(SolutionProperties) = preSolution
		HideSolutionNode = FALSE
	EndGlobalSection
	GlobalSection(ExtensibilityGlobals) = postSolution
		SolutionGuid = {96779704-40E3-4D86-B93C-81A97344FDA2}
	EndGlobalSection
EndGlobal
