
Microsoft Visual Studio Solution File, Format Version 12.00
# Visual Studio Version 16
VisualStudioVersion = 16.0.33328.57
MinimumVisualStudioVersion = 10.0.40219.1
Project("{FAE04EC0-301F-11D3-BF4B-00C04F79EFBC}") = "GenericsAssignment", "GenericsAssignment\GenericsAssignment.csproj", "{FF92A13B-D6A1-4794-BA64-FB433B51AF45}"
EndProject
Global
	GlobalSection(SolutionConfigurationPlatforms) = preSolution
		Debug|Any CPU = Debug|Any CPU
		Release|Any CPU = Release|Any CPU
	EndGlobalSection
	GlobalSection(ProjectConfigurationPlatforms) = postSolution
		{FF92A13B-D6A1-4794-BA64-FB433B51AF45}.Debug|Any CPU.ActiveCfg = Debug|Any CPU
		{FF92A13B-D6A1-4794-BA64-FB433B51AF45}.Debug|Any CPU.Build.0 = Debug|Any CPU
		{FF92A13B-D6A1-4794-BA64-FB433B51AF45}.Release|Any CPU.ActiveCfg = Release|Any CPU
		{FF92A13B-D6A1-4794-BA64-FB433B51AF45}.Release|Any CPU.Build.0 = Release|Any CPU
	EndGlobalSection
	GlobalSection(SolutionProperties) = preSolution
		HideSolutionNode = FALSE
	EndGlobalSection
	GlobalSection(ExtensibilityGlobals) = postSolution
		SolutionGuid = {65C3D7FF-6B30-4B1F-997D-A6623FAF005A}
	EndGlobalSection
EndGlobal
