
Microsoft Visual Studio Solution File, Format Version 12.00
# Visual Studio Version 16
VisualStudioVersion = 16.0.33328.57
MinimumVisualStudioVersion = 10.0.40219.1
Project("{FAE04EC0-301F-11D3-BF4B-00C04F79EFBC}") = "MethodAssignment", "MethodAssignment\MethodAssignment.csproj", "{313A0DB8-09FF-4605-AF61-25F893C76C25}"
EndProject
Global
	GlobalSection(SolutionConfigurationPlatforms) = preSolution
		Debug|Any CPU = Debug|Any CPU
		Release|Any CPU = Release|Any CPU
	EndGlobalSection
	GlobalSection(ProjectConfigurationPlatforms) = postSolution
		{313A0DB8-09FF-4605-AF61-25F893C76C25}.Debug|Any CPU.ActiveCfg = Debug|Any CPU
		{313A0DB8-09FF-4605-AF61-25F893C76C25}.Debug|Any CPU.Build.0 = Debug|Any CPU
		{313A0DB8-09FF-4605-AF61-25F893C76C25}.Release|Any CPU.ActiveCfg = Release|Any CPU
		{313A0DB8-09FF-4605-AF61-25F893C76C25}.Release|Any CPU.Build.0 = Release|Any CPU
	EndGlobalSection
	GlobalSection(SolutionProperties) = preSolution
		HideSolutionNode = FALSE
	EndGlobalSection
	GlobalSection(ExtensibilityGlobals) = postSolution
		SolutionGuid = {E4649EA5-6ACC-46F2-BF91-D1A2688D6873}
	EndGlobalSection
EndGlobal
