
Microsoft Visual Studio Solution File, Format Version 12.00
# Visual Studio Version 16
VisualStudioVersion = 16.0.33328.57
MinimumVisualStudioVersion = 10.0.40219.1
Project("{FAE04EC0-301F-11D3-BF4B-00C04F79EFBC}") = "IncomeComparisonAssignmentSubmission", "IncomeComparisonAssignmentSubmission\IncomeComparisonAssignmentSubmission.csproj", "{9470DD8C-D32E-4C51-A4FF-61998B6BC0A1}"
EndProject
Global
	GlobalSection(SolutionConfigurationPlatforms) = preSolution
		Debug|Any CPU = Debug|Any CPU
		Release|Any CPU = Release|Any CPU
	EndGlobalSection
	GlobalSection(ProjectConfigurationPlatforms) = postSolution
		{9470DD8C-D32E-4C51-A4FF-61998B6BC0A1}.Debug|Any CPU.ActiveCfg = Debug|Any CPU
		{9470DD8C-D32E-4C51-A4FF-61998B6BC0A1}.Debug|Any CPU.Build.0 = Debug|Any CPU
		{9470DD8C-D32E-4C51-A4FF-61998B6BC0A1}.Release|Any CPU.ActiveCfg = Release|Any CPU
		{9470DD8C-D32E-4C51-A4FF-61998B6BC0A1}.Release|Any CPU.Build.0 = Release|Any CPU
	EndGlobalSection
	GlobalSection(SolutionProperties) = preSolution
		HideSolutionNode = FALSE
	EndGlobalSection
	GlobalSection(ExtensibilityGlobals) = postSolution
		SolutionGuid = {AE38DD82-F1E3-45B3-9233-7BE8A4A36DBE}
	EndGlobalSection
EndGlobal
