
Microsoft Visual Studio Solution File, Format Version 12.00
# Visual Studio Version 16
VisualStudioVersion = 16.0.33328.57
MinimumVisualStudioVersion = 10.0.40219.1
Project("{FAE04EC0-301F-11D3-BF4B-00C04F79EFBC}") = "AbstractClassesAssignment", "AbstractClassesAssignment\AbstractClassesAssignment.csproj", "{F6368C88-84D8-4BFB-911F-742AC41A129E}"
EndProject
Global
	GlobalSection(SolutionConfigurationPlatforms) = preSolution
		Debug|Any CPU = Debug|Any CPU
		Release|Any CPU = Release|Any CPU
	EndGlobalSection
	GlobalSection(ProjectConfigurationPlatforms) = postSolution
		{F6368C88-84D8-4BFB-911F-742AC41A129E}.Debug|Any CPU.ActiveCfg = Debug|Any CPU
		{F6368C88-84D8-4BFB-911F-742AC41A129E}.Debug|Any CPU.Build.0 = Debug|Any CPU
		{F6368C88-84D8-4BFB-911F-742AC41A129E}.Release|Any CPU.ActiveCfg = Release|Any CPU
		{F6368C88-84D8-4BFB-911F-742AC41A129E}.Release|Any CPU.Build.0 = Release|Any CPU
	EndGlobalSection
	GlobalSection(SolutionProperties) = preSolution
		HideSolutionNode = FALSE
	EndGlobalSection
	GlobalSection(ExtensibilityGlobals) = postSolution
		SolutionGuid = {D1FC2C12-228F-4952-B27B-F7579C8D1A33}
	EndGlobalSection
EndGlobal
